
Microsoft Visual Studio Solution File, Format Version 12.00
# Visual Studio 2013
VisualStudioVersion = 12.0.30501.0
MinimumVisualStudioVersion = 10.0.40219.1
Project("{FAE04EC0-301F-11D3-BF4B-00C04F79EFBC}") = "Nancy.CollectionJson", "Nancy.CollectionJson\Nancy.CollectionJson.csproj", "{28104A03-BC20-42F8-83EA-E3F0FAE0CE61}"
EndProject
Project("{FAE04EC0-301F-11D3-BF4B-00C04F79EFBC}") = "Nancy.CollectionJson.Demo", "Nancy.CollectionJson.Demo\Nancy.CollectionJson.Demo.csproj", "{7B4E5A83-2248-4D25-B5CB-A3FE5299E15D}"
EndProject
Project("{FAE04EC0-301F-11D3-BF4B-00C04F79EFBC}") = "Nancy.CollectionJson.DemoWrapper", "Nancy.CollectionJson.DemoWrapper\Nancy.CollectionJson.DemoWrapper.csproj", "{8C648A06-EB73-4D9C-902A-394FB2AB2F6B}"
EndProject
Project("{FAE04EC0-301F-11D3-BF4B-00C04F79EFBC}") = "Nancy.CollectionJson.DemoClient", "Nancy.CollectionJson.DemoClient\Nancy.CollectionJson.DemoClient.csproj", "{B3F4BF96-B9F0-4E73-82D4-93CC8784CC82}"
EndProject
Project("{FAE04EC0-301F-11D3-BF4B-00C04F79EFBC}") = "Nancy.CollectionJson.Demo.ViewModels", "Nancy.CollectionJson.Demo.ViewModels\Nancy.CollectionJson.Demo.ViewModels.csproj", "{8DFD8201-0525-4DE2-BA86-5BCA434D83FC}"
EndProject
Global
	GlobalSection(SolutionConfigurationPlatforms) = preSolution
		Debug|Any CPU = Debug|Any CPU
		Release|Any CPU = Release|Any CPU
	EndGlobalSection
	GlobalSection(ProjectConfigurationPlatforms) = postSolution
		{28104A03-BC20-42F8-83EA-E3F0FAE0CE61}.Debug|Any CPU.ActiveCfg = Debug|Any CPU
		{28104A03-BC20-42F8-83EA-E3F0FAE0CE61}.Debug|Any CPU.Build.0 = Debug|Any CPU
		{28104A03-BC20-42F8-83EA-E3F0FAE0CE61}.Release|Any CPU.ActiveCfg = Release|Any CPU
		{28104A03-BC20-42F8-83EA-E3F0FAE0CE61}.Release|Any CPU.Build.0 = Release|Any CPU
		{7B4E5A83-2248-4D25-B5CB-A3FE5299E15D}.Debug|Any CPU.ActiveCfg = Debug|Any CPU
		{7B4E5A83-2248-4D25-B5CB-A3FE5299E15D}.Debug|Any CPU.Build.0 = Debug|Any CPU
		{7B4E5A83-2248-4D25-B5CB-A3FE5299E15D}.Release|Any CPU.ActiveCfg = Release|Any CPU
		{7B4E5A83-2248-4D25-B5CB-A3FE5299E15D}.Release|Any CPU.Build.0 = Release|Any CPU
		{8C648A06-EB73-4D9C-902A-394FB2AB2F6B}.Debug|Any CPU.ActiveCfg = Debug|Any CPU
		{8C648A06-EB73-4D9C-902A-394FB2AB2F6B}.Debug|Any CPU.Build.0 = Debug|Any CPU
		{8C648A06-EB73-4D9C-902A-394FB2AB2F6B}.Release|Any CPU.ActiveCfg = Release|Any CPU
		{8C648A06-EB73-4D9C-902A-394FB2AB2F6B}.Release|Any CPU.Build.0 = Release|Any CPU
		{B3F4BF96-B9F0-4E73-82D4-93CC8784CC82}.Debug|Any CPU.ActiveCfg = Debug|Any CPU
		{B3F4BF96-B9F0-4E73-82D4-93CC8784CC82}.Debug|Any CPU.Build.0 = Debug|Any CPU
		{B3F4BF96-B9F0-4E73-82D4-93CC8784CC82}.Release|Any CPU.ActiveCfg = Release|Any CPU
		{B3F4BF96-B9F0-4E73-82D4-93CC8784CC82}.Release|Any CPU.Build.0 = Release|Any CPU
		{8DFD8201-0525-4DE2-BA86-5BCA434D83FC}.Debug|Any CPU.ActiveCfg = Debug|Any CPU
		{8DFD8201-0525-4DE2-BA86-5BCA434D83FC}.Debug|Any CPU.Build.0 = Debug|Any CPU
		{8DFD8201-0525-4DE2-BA86-5BCA434D83FC}.Release|Any CPU.ActiveCfg = Release|Any CPU
		{8DFD8201-0525-4DE2-BA86-5BCA434D83FC}.Release|Any CPU.Build.0 = Release|Any CPU
	EndGlobalSection
	GlobalSection(SolutionProperties) = preSolution
		HideSolutionNode = FALSE
	EndGlobalSection
	GlobalSection(MonoDevelopProperties) = preSolution
		StartupItem = Nancy.CollectionJson.DemoClient\Nancy.CollectionJson.DemoClient.csproj
	EndGlobalSection
EndGlobal
